
Microsoft Visual Studio Solution File, Format Version 12.00
# Visual Studio Version 16
VisualStudioVersion = 16.0.31624.102
MinimumVisualStudioVersion = 10.0.40219.1
Project("{FAE04EC0-301F-11D3-BF4B-00C04F79EFBC}") = "DiscountStore.Services", "DiscountStore.Services\DiscountStore.Services.csproj", "{1D2187BF-070B-4A2D-B5BA-C07DC2DFDB6F}"
EndProject
Project("{FAE04EC0-301F-11D3-BF4B-00C04F79EFBC}") = "DiscountStore.Core", "DiscountStore.Core\DiscountStore.Core.csproj", "{D1EB95F2-3A29-4B7B-8EE1-817C8BF8AC42}"
EndProject
Project("{FAE04EC0-301F-11D3-BF4B-00C04F79EFBC}") = "DIscountStore.DAL", "DIscountStore.DAL\DIscountStore.DAL.csproj", "{6561C43E-FDF2-463B-A716-9528F8F00F1D}"
EndProject
Project("{FAE04EC0-301F-11D3-BF4B-00C04F79EFBC}") = "DiscountStore", "DIscountStore\DiscountStore.csproj", "{126D0E88-734D-4D40-8156-8A33B5315AFB}"
EndProject
Project("{FAE04EC0-301F-11D3-BF4B-00C04F79EFBC}") = "DiscountStore.Services.Tests", "DiscountStore.Services.Tests\DiscountStore.Services.Tests.csproj", "{5D611FD6-1539-479B-A8C6-F848EC1A6152}"
EndProject
Global
	GlobalSection(SolutionConfigurationPlatforms) = preSolution
		Debug|Any CPU = Debug|Any CPU
		Release|Any CPU = Release|Any CPU
	EndGlobalSection
	GlobalSection(ProjectConfigurationPlatforms) = postSolution
		{1D2187BF-070B-4A2D-B5BA-C07DC2DFDB6F}.Debug|Any CPU.ActiveCfg = Debug|Any CPU
		{1D2187BF-070B-4A2D-B5BA-C07DC2DFDB6F}.Debug|Any CPU.Build.0 = Debug|Any CPU
		{1D2187BF-070B-4A2D-B5BA-C07DC2DFDB6F}.Release|Any CPU.ActiveCfg = Release|Any CPU
		{1D2187BF-070B-4A2D-B5BA-C07DC2DFDB6F}.Release|Any CPU.Build.0 = Release|Any CPU
		{D1EB95F2-3A29-4B7B-8EE1-817C8BF8AC42}.Debug|Any CPU.ActiveCfg = Debug|Any CPU
		{D1EB95F2-3A29-4B7B-8EE1-817C8BF8AC42}.Debug|Any CPU.Build.0 = Debug|Any CPU
		{D1EB95F2-3A29-4B7B-8EE1-817C8BF8AC42}.Release|Any CPU.ActiveCfg = Release|Any CPU
		{D1EB95F2-3A29-4B7B-8EE1-817C8BF8AC42}.Release|Any CPU.Build.0 = Release|Any CPU
		{6561C43E-FDF2-463B-A716-9528F8F00F1D}.Debug|Any CPU.ActiveCfg = Debug|Any CPU
		{6561C43E-FDF2-463B-A716-9528F8F00F1D}.Debug|Any CPU.Build.0 = Debug|Any CPU
		{6561C43E-FDF2-463B-A716-9528F8F00F1D}.Release|Any CPU.ActiveCfg = Release|Any CPU
		{6561C43E-FDF2-463B-A716-9528F8F00F1D}.Release|Any CPU.Build.0 = Release|Any CPU
		{126D0E88-734D-4D40-8156-8A33B5315AFB}.Debug|Any CPU.ActiveCfg = Debug|Any CPU
		{126D0E88-734D-4D40-8156-8A33B5315AFB}.Debug|Any CPU.Build.0 = Debug|Any CPU
		{126D0E88-734D-4D40-8156-8A33B5315AFB}.Release|Any CPU.ActiveCfg = Release|Any CPU
		{126D0E88-734D-4D40-8156-8A33B5315AFB}.Release|Any CPU.Build.0 = Release|Any CPU
		{5D611FD6-1539-479B-A8C6-F848EC1A6152}.Debug|Any CPU.ActiveCfg = Debug|Any CPU
		{5D611FD6-1539-479B-A8C6-F848EC1A6152}.Debug|Any CPU.Build.0 = Debug|Any CPU
		{5D611FD6-1539-479B-A8C6-F848EC1A6152}.Release|Any CPU.ActiveCfg = Release|Any CPU
		{5D611FD6-1539-479B-A8C6-F848EC1A6152}.Release|Any CPU.Build.0 = Release|Any CPU
	EndGlobalSection
	GlobalSection(SolutionProperties) = preSolution
		HideSolutionNode = FALSE
	EndGlobalSection
	GlobalSection(ExtensibilityGlobals) = postSolution
		SolutionGuid = {48CC5679-C8D1-4EC7-B21B-4CBE645D1573}
	EndGlobalSection
EndGlobal
